
Microsoft Visual Studio Solution File, Format Version 12.00
# Visual Studio Version 17
VisualStudioVersion = 17.10.34928.147
MinimumVisualStudioVersion = 10.0.40219.1
Project("{FAE04EC0-301F-11D3-BF4B-00C04F79EFBC}") = "EcommerceCoffee-PL", "EcommerceCoffee\EcommerceCoffee-PL.csproj", "{E19AC101-C773-4DC6-9782-D0A0CD122D3E}"
EndProject
Project("{FAE04EC0-301F-11D3-BF4B-00C04F79EFBC}") = "EcommerceCoffee-BLL", "EcommerceCoffee-BLL\EcommerceCoffee-BLL.csproj", "{59F067F4-D085-46E5-A142-B6A513BF01F5}"
EndProject
Project("{FAE04EC0-301F-11D3-BF4B-00C04F79EFBC}") = "EcommerceCoffe-DAL", "EcommerceCoffe-DAL\EcommerceCoffe-DAL.csproj", "{43E0C5C5-5662-4E6D-91E7-C9371833CC8D}"
EndProject
Global
	GlobalSection(SolutionConfigurationPlatforms) = preSolution
		Debug|Any CPU = Debug|Any CPU
		Release|Any CPU = Release|Any CPU
	EndGlobalSection
	GlobalSection(ProjectConfigurationPlatforms) = postSolution
		{E19AC101-C773-4DC6-9782-D0A0CD122D3E}.Debug|Any CPU.ActiveCfg = Debug|Any CPU
		{E19AC101-C773-4DC6-9782-D0A0CD122D3E}.Debug|Any CPU.Build.0 = Debug|Any CPU
		{E19AC101-C773-4DC6-9782-D0A0CD122D3E}.Release|Any CPU.ActiveCfg = Release|Any CPU
		{E19AC101-C773-4DC6-9782-D0A0CD122D3E}.Release|Any CPU.Build.0 = Release|Any CPU
		{59F067F4-D085-46E5-A142-B6A513BF01F5}.Debug|Any CPU.ActiveCfg = Debug|Any CPU
		{59F067F4-D085-46E5-A142-B6A513BF01F5}.Debug|Any CPU.Build.0 = Debug|Any CPU
		{59F067F4-D085-46E5-A142-B6A513BF01F5}.Release|Any CPU.ActiveCfg = Release|Any CPU
		{59F067F4-D085-46E5-A142-B6A513BF01F5}.Release|Any CPU.Build.0 = Release|Any CPU
		{43E0C5C5-5662-4E6D-91E7-C9371833CC8D}.Debug|Any CPU.ActiveCfg = Debug|Any CPU
		{43E0C5C5-5662-4E6D-91E7-C9371833CC8D}.Debug|Any CPU.Build.0 = Debug|Any CPU
		{43E0C5C5-5662-4E6D-91E7-C9371833CC8D}.Release|Any CPU.ActiveCfg = Release|Any CPU
		{43E0C5C5-5662-4E6D-91E7-C9371833CC8D}.Release|Any CPU.Build.0 = Release|Any CPU
	EndGlobalSection
	GlobalSection(SolutionProperties) = preSolution
		HideSolutionNode = FALSE
	EndGlobalSection
	GlobalSection(ExtensibilityGlobals) = postSolution
		SolutionGuid = {D95E3272-31BC-425F-AE6D-4F9F95886333}
	EndGlobalSection
EndGlobal
